
Microsoft Visual Studio Solution File, Format Version 12.00
# Visual Studio Version 17
VisualStudioVersion = 17.8.34330.188
MinimumVisualStudioVersion = 10.0.40219.1
Project("{8BC9CEB8-8B4A-11D0-8D11-00A0C91BC942}") = "rng_and_distributions_101", "rng_and_distributions_101.vcxproj", "{3C39B054-1207-40CC-BE2D-E5376A8D1560}"
EndProject
Global
	GlobalSection(SolutionConfigurationPlatforms) = preSolution
		Debug|x64 = Debug|x64
		Debug|x86 = Debug|x86
		Release|x64 = Release|x64
		Release|x86 = Release|x86
	EndGlobalSection
	GlobalSection(ProjectConfigurationPlatforms) = postSolution
		{3C39B054-1207-40CC-BE2D-E5376A8D1560}.Debug|x64.ActiveCfg = Debug|x64
		{3C39B054-1207-40CC-BE2D-E5376A8D1560}.Debug|x64.Build.0 = Debug|x64
		{3C39B054-1207-40CC-BE2D-E5376A8D1560}.Debug|x86.ActiveCfg = Debug|Win32
		{3C39B054-1207-40CC-BE2D-E5376A8D1560}.Debug|x86.Build.0 = Debug|Win32
		{3C39B054-1207-40CC-BE2D-E5376A8D1560}.Release|x64.ActiveCfg = Release|x64
		{3C39B054-1207-40CC-BE2D-E5376A8D1560}.Release|x64.Build.0 = Release|x64
		{3C39B054-1207-40CC-BE2D-E5376A8D1560}.Release|x86.ActiveCfg = Release|Win32
		{3C39B054-1207-40CC-BE2D-E5376A8D1560}.Release|x86.Build.0 = Release|Win32
	EndGlobalSection
	GlobalSection(SolutionProperties) = preSolution
		HideSolutionNode = FALSE
	EndGlobalSection
	GlobalSection(ExtensibilityGlobals) = postSolution
		SolutionGuid = {5B7E2EF5-1E0F-430F-866A-7E3B47D8E9E4}
	EndGlobalSection
EndGlobal
