
Microsoft Visual Studio Solution File, Format Version 12.00
# Visual Studio Version 17
VisualStudioVersion = 17.8.34322.80
MinimumVisualStudioVersion = 10.0.40219.1
Project("{8BC9CEB8-8B4A-11D0-8D11-00A0C91BC942}") = "master_worker_pattern", "master_worker_pattern.vcxproj", "{19C07B29-F871-4284-9CAC-CDB0F12AA605}"
EndProject
Global
	GlobalSection(SolutionConfigurationPlatforms) = preSolution
		Debug|x64 = Debug|x64
		Debug|x86 = Debug|x86
		Release|x64 = Release|x64
		Release|x86 = Release|x86
	EndGlobalSection
	GlobalSection(ProjectConfigurationPlatforms) = postSolution
		{19C07B29-F871-4284-9CAC-CDB0F12AA605}.Debug|x64.ActiveCfg = Debug|x64
		{19C07B29-F871-4284-9CAC-CDB0F12AA605}.Debug|x64.Build.0 = Debug|x64
		{19C07B29-F871-4284-9CAC-CDB0F12AA605}.Debug|x86.ActiveCfg = Debug|Win32
		{19C07B29-F871-4284-9CAC-CDB0F12AA605}.Debug|x86.Build.0 = Debug|Win32
		{19C07B29-F871-4284-9CAC-CDB0F12AA605}.Release|x64.ActiveCfg = Release|x64
		{19C07B29-F871-4284-9CAC-CDB0F12AA605}.Release|x64.Build.0 = Release|x64
		{19C07B29-F871-4284-9CAC-CDB0F12AA605}.Release|x86.ActiveCfg = Release|Win32
		{19C07B29-F871-4284-9CAC-CDB0F12AA605}.Release|x86.Build.0 = Release|Win32
	EndGlobalSection
	GlobalSection(SolutionProperties) = preSolution
		HideSolutionNode = FALSE
	EndGlobalSection
	GlobalSection(ExtensibilityGlobals) = postSolution
		SolutionGuid = {ED15EB30-4D17-4C3B-94A7-ECAC518FD616}
	EndGlobalSection
EndGlobal
