
Microsoft Visual Studio Solution File, Format Version 12.00
# Visual Studio Version 17
VisualStudioVersion = 17.8.34408.163
MinimumVisualStudioVersion = 10.0.40219.1
Project("{8BC9CEB8-8B4A-11D0-8D11-00A0C91BC942}") = "numeric_combiners", "numeric_combiners.vcxproj", "{D449781A-0203-402A-A034-26B32A6593FA}"
EndProject
Global
	GlobalSection(SolutionConfigurationPlatforms) = preSolution
		Debug|x64 = Debug|x64
		Debug|x86 = Debug|x86
		Release|x64 = Release|x64
		Release|x86 = Release|x86
	EndGlobalSection
	GlobalSection(ProjectConfigurationPlatforms) = postSolution
		{D449781A-0203-402A-A034-26B32A6593FA}.Debug|x64.ActiveCfg = Debug|x64
		{D449781A-0203-402A-A034-26B32A6593FA}.Debug|x64.Build.0 = Debug|x64
		{D449781A-0203-402A-A034-26B32A6593FA}.Debug|x86.ActiveCfg = Debug|Win32
		{D449781A-0203-402A-A034-26B32A6593FA}.Debug|x86.Build.0 = Debug|Win32
		{D449781A-0203-402A-A034-26B32A6593FA}.Release|x64.ActiveCfg = Release|x64
		{D449781A-0203-402A-A034-26B32A6593FA}.Release|x64.Build.0 = Release|x64
		{D449781A-0203-402A-A034-26B32A6593FA}.Release|x86.ActiveCfg = Release|Win32
		{D449781A-0203-402A-A034-26B32A6593FA}.Release|x86.Build.0 = Release|Win32
	EndGlobalSection
	GlobalSection(SolutionProperties) = preSolution
		HideSolutionNode = FALSE
	EndGlobalSection
	GlobalSection(ExtensibilityGlobals) = postSolution
		SolutionGuid = {369399A1-392E-445E-AA97-C03552598D0E}
	EndGlobalSection
EndGlobal
