
Microsoft Visual Studio Solution File, Format Version 12.00
# Visual Studio Version 17
VisualStudioVersion = 17.7.34024.191
MinimumVisualStudioVersion = 10.0.40219.1
Project("{8BC9CEB8-8B4A-11D0-8D11-00A0C91BC942}") = "supported_operations", "supported_operations\supported_operations.vcxproj", "{3234A001-481A-4746-8264-59AD00B33473}"
EndProject
Global
	GlobalSection(SolutionConfigurationPlatforms) = preSolution
		Debug|x64 = Debug|x64
		Debug|x86 = Debug|x86
		Release|x64 = Release|x64
		Release|x86 = Release|x86
	EndGlobalSection
	GlobalSection(ProjectConfigurationPlatforms) = postSolution
		{3234A001-481A-4746-8264-59AD00B33473}.Debug|x64.ActiveCfg = Debug|x64
		{3234A001-481A-4746-8264-59AD00B33473}.Debug|x64.Build.0 = Debug|x64
		{3234A001-481A-4746-8264-59AD00B33473}.Debug|x86.ActiveCfg = Debug|Win32
		{3234A001-481A-4746-8264-59AD00B33473}.Debug|x86.Build.0 = Debug|Win32
		{3234A001-481A-4746-8264-59AD00B33473}.Release|x64.ActiveCfg = Release|x64
		{3234A001-481A-4746-8264-59AD00B33473}.Release|x64.Build.0 = Release|x64
		{3234A001-481A-4746-8264-59AD00B33473}.Release|x86.ActiveCfg = Release|Win32
		{3234A001-481A-4746-8264-59AD00B33473}.Release|x86.Build.0 = Release|Win32
	EndGlobalSection
	GlobalSection(SolutionProperties) = preSolution
		HideSolutionNode = FALSE
	EndGlobalSection
	GlobalSection(ExtensibilityGlobals) = postSolution
		SolutionGuid = {945601D0-37DD-4DA2-AF41-1291C67D9C9E}
	EndGlobalSection
EndGlobal
