
Microsoft Visual Studio Solution File, Format Version 12.00
# Visual Studio Version 17
VisualStudioVersion = 17.8.34408.163
MinimumVisualStudioVersion = 10.0.40219.1
Project("{8BC9CEB8-8B4A-11D0-8D11-00A0C91BC942}") = "propagator_pattern", "propagator_pattern.vcxproj", "{774C6FF0-1F3A-468B-8830-08DFB822BEAC}"
EndProject
Global
	GlobalSection(SolutionConfigurationPlatforms) = preSolution
		Debug|x64 = Debug|x64
		Debug|x86 = Debug|x86
		Release|x64 = Release|x64
		Release|x86 = Release|x86
	EndGlobalSection
	GlobalSection(ProjectConfigurationPlatforms) = postSolution
		{774C6FF0-1F3A-468B-8830-08DFB822BEAC}.Debug|x64.ActiveCfg = Debug|x64
		{774C6FF0-1F3A-468B-8830-08DFB822BEAC}.Debug|x64.Build.0 = Debug|x64
		{774C6FF0-1F3A-468B-8830-08DFB822BEAC}.Debug|x86.ActiveCfg = Debug|Win32
		{774C6FF0-1F3A-468B-8830-08DFB822BEAC}.Debug|x86.Build.0 = Debug|Win32
		{774C6FF0-1F3A-468B-8830-08DFB822BEAC}.Release|x64.ActiveCfg = Release|x64
		{774C6FF0-1F3A-468B-8830-08DFB822BEAC}.Release|x64.Build.0 = Release|x64
		{774C6FF0-1F3A-468B-8830-08DFB822BEAC}.Release|x86.ActiveCfg = Release|Win32
		{774C6FF0-1F3A-468B-8830-08DFB822BEAC}.Release|x86.Build.0 = Release|Win32
	EndGlobalSection
	GlobalSection(SolutionProperties) = preSolution
		HideSolutionNode = FALSE
	EndGlobalSection
	GlobalSection(ExtensibilityGlobals) = postSolution
		SolutionGuid = {B7D7B537-B1BA-436B-B36F-8B1C49D53366}
	EndGlobalSection
EndGlobal
