<?xml version="1.0" encoding="utf-8"?>
<Project ToolsVersion="4.0" xmlns="http://schemas.microsoft.com/developer/msbuild/2003">
  <ItemGroup>
    <Filter Include="Source Files">
      <UniqueIdentifier>{4FC737F1-C7A5-4376-A066-2A32D752A2FF}</UniqueIdentifier>
      <Extensions>cpp;c;cc;cxx;c++;cppm;ixx;def;odl;idl;hpj;bat;asm;asmx</Extensions>
    </Filter>
    <Filter Include="Header Files">
      <UniqueIdentifier>{93995380-89BD-4b04-88EB-625FBE52EBFB}</UniqueIdentifier>
      <Extensions>h;hh;hpp;hxx;h++;hm;inl;inc;ipp;xsd</Extensions>
    </Filter>
    <Filter Include="Resource Files">
      <UniqueIdentifier>{67DA6AB6-F800-4c08-8B7A-83BB121AAD01}</UniqueIdentifier>
      <Extensions>rc;ico;cur;bmp;dlg;rc2;rct;bin;rgs;gif;jpg;jpeg;jpe;resx;tiff;tif;png;wav;mfcribbon-ms</Extensions>
    </Filter>
    <Filter Include="Header Files\StochasticProcesses">
      <UniqueIdentifier>{783faf1d-563e-4226-b152-918dc05571f4}</UniqueIdentifier>
    </Filter>
    <Filter Include="Header Files\AnalyticPricing">
      <UniqueIdentifier>{50f13985-24c7-47c6-8d51-9dfc5c8d93e7}</UniqueIdentifier>
    </Filter>
  </ItemGroup>
  <ItemGroup>
    <ClCompile Include="main.cpp">
      <Filter>Source Files</Filter>
    </ClCompile>
    <ClCompile Include="TestMC.cpp">
      <Filter>Source Files</Filter>
    </ClCompile>
    <ClCompile Include="StochasticProcessConcepts.h">
      <Filter>Header Files\StochasticProcesses</Filter>
    </ClCompile>
  </ItemGroup>
  <ItemGroup>
    <ClInclude Include="SDEAbstract.h">
      <Filter>Header Files</Filter>
    </ClInclude>
    <ClInclude Include="GBM.h">
      <Filter>Header Files\StochasticProcesses</Filter>
    </ClInclude>
    <ClInclude Include="Heston.h">
      <Filter>Header Files\StochasticProcesses</Filter>
    </ClInclude>
    <ClInclude Include="EuropeanMCEngine.h">
      <Filter>Header Files</Filter>
    </ClInclude>
    <ClInclude Include="BlackScholes.cpp">
      <Filter>Header Files\AnalyticPricing</Filter>
    </ClInclude>
  </ItemGroup>
</Project>