
Microsoft Visual Studio Solution File, Format Version 12.00
# Visual Studio Version 17
VisualStudioVersion = 17.8.34330.188
MinimumVisualStudioVersion = 10.0.40219.1
Project("{8BC9CEB8-8B4A-11D0-8D11-00A0C91BC942}") = "adapters_for_bitsets", "adapters_for_bitsets.vcxproj", "{664B67A1-B671-4962-BF63-0D47BD72C27F}"
EndProject
Global
	GlobalSection(SolutionConfigurationPlatforms) = preSolution
		Debug|x64 = Debug|x64
		Debug|x86 = Debug|x86
		Release|x64 = Release|x64
		Release|x86 = Release|x86
	EndGlobalSection
	GlobalSection(ProjectConfigurationPlatforms) = postSolution
		{664B67A1-B671-4962-BF63-0D47BD72C27F}.Debug|x64.ActiveCfg = Debug|x64
		{664B67A1-B671-4962-BF63-0D47BD72C27F}.Debug|x64.Build.0 = Debug|x64
		{664B67A1-B671-4962-BF63-0D47BD72C27F}.Debug|x86.ActiveCfg = Debug|Win32
		{664B67A1-B671-4962-BF63-0D47BD72C27F}.Debug|x86.Build.0 = Debug|Win32
		{664B67A1-B671-4962-BF63-0D47BD72C27F}.Release|x64.ActiveCfg = Release|x64
		{664B67A1-B671-4962-BF63-0D47BD72C27F}.Release|x64.Build.0 = Release|x64
		{664B67A1-B671-4962-BF63-0D47BD72C27F}.Release|x86.ActiveCfg = Release|Win32
		{664B67A1-B671-4962-BF63-0D47BD72C27F}.Release|x86.Build.0 = Release|Win32
	EndGlobalSection
	GlobalSection(SolutionProperties) = preSolution
		HideSolutionNode = FALSE
	EndGlobalSection
	GlobalSection(ExtensibilityGlobals) = postSolution
		SolutionGuid = {001677AA-E4FC-4650-9167-41B08F2ED8EE}
	EndGlobalSection
EndGlobal
