
Microsoft Visual Studio Solution File, Format Version 12.00
# Visual Studio Version 17
VisualStudioVersion = 17.7.34024.191
MinimumVisualStudioVersion = 10.0.40219.1
Project("{8BC9CEB8-8B4A-11D0-8D11-00A0C91BC942}") = "traits_conversion", "traits_conversion\traits_conversion.vcxproj", "{4A8C2568-C5FE-42C9-8421-A0CDEF0E5FED}"
EndProject
Global
	GlobalSection(SolutionConfigurationPlatforms) = preSolution
		Debug|x64 = Debug|x64
		Debug|x86 = Debug|x86
		Release|x64 = Release|x64
		Release|x86 = Release|x86
	EndGlobalSection
	GlobalSection(ProjectConfigurationPlatforms) = postSolution
		{4A8C2568-C5FE-42C9-8421-A0CDEF0E5FED}.Debug|x64.ActiveCfg = Debug|x64
		{4A8C2568-C5FE-42C9-8421-A0CDEF0E5FED}.Debug|x64.Build.0 = Debug|x64
		{4A8C2568-C5FE-42C9-8421-A0CDEF0E5FED}.Debug|x86.ActiveCfg = Debug|Win32
		{4A8C2568-C5FE-42C9-8421-A0CDEF0E5FED}.Debug|x86.Build.0 = Debug|Win32
		{4A8C2568-C5FE-42C9-8421-A0CDEF0E5FED}.Release|x64.ActiveCfg = Release|x64
		{4A8C2568-C5FE-42C9-8421-A0CDEF0E5FED}.Release|x64.Build.0 = Release|x64
		{4A8C2568-C5FE-42C9-8421-A0CDEF0E5FED}.Release|x86.ActiveCfg = Release|Win32
		{4A8C2568-C5FE-42C9-8421-A0CDEF0E5FED}.Release|x86.Build.0 = Release|Win32
	EndGlobalSection
	GlobalSection(SolutionProperties) = preSolution
		HideSolutionNode = FALSE
	EndGlobalSection
	GlobalSection(ExtensibilityGlobals) = postSolution
		SolutionGuid = {2F981E92-A719-4DD0-A782-7964EB3F8597}
	EndGlobalSection
EndGlobal
