
Microsoft Visual Studio Solution File, Format Version 12.00
# Visual Studio Version 17
VisualStudioVersion = 17.8.34322.80
MinimumVisualStudioVersion = 10.0.40219.1
Project("{8BC9CEB8-8B4A-11D0-8D11-00A0C91BC942}") = "cpp11_thread_class_101", "cpp11_thread_class_101.vcxproj", "{3EDC6727-1915-4F34-96C8-8585C2A61A5C}"
EndProject
Global
	GlobalSection(SolutionConfigurationPlatforms) = preSolution
		Debug|x64 = Debug|x64
		Debug|x86 = Debug|x86
		Release|x64 = Release|x64
		Release|x86 = Release|x86
	EndGlobalSection
	GlobalSection(ProjectConfigurationPlatforms) = postSolution
		{3EDC6727-1915-4F34-96C8-8585C2A61A5C}.Debug|x64.ActiveCfg = Debug|x64
		{3EDC6727-1915-4F34-96C8-8585C2A61A5C}.Debug|x64.Build.0 = Debug|x64
		{3EDC6727-1915-4F34-96C8-8585C2A61A5C}.Debug|x86.ActiveCfg = Debug|Win32
		{3EDC6727-1915-4F34-96C8-8585C2A61A5C}.Debug|x86.Build.0 = Debug|Win32
		{3EDC6727-1915-4F34-96C8-8585C2A61A5C}.Release|x64.ActiveCfg = Release|x64
		{3EDC6727-1915-4F34-96C8-8585C2A61A5C}.Release|x64.Build.0 = Release|x64
		{3EDC6727-1915-4F34-96C8-8585C2A61A5C}.Release|x86.ActiveCfg = Release|Win32
		{3EDC6727-1915-4F34-96C8-8585C2A61A5C}.Release|x86.Build.0 = Release|Win32
	EndGlobalSection
	GlobalSection(SolutionProperties) = preSolution
		HideSolutionNode = FALSE
	EndGlobalSection
	GlobalSection(ExtensibilityGlobals) = postSolution
		SolutionGuid = {23ED95F7-5140-41FC-A69C-1E466C81CF07}
	EndGlobalSection
EndGlobal
