
Microsoft Visual Studio Solution File, Format Version 12.00
# Visual Studio Version 17
VisualStudioVersion = 17.8.34322.80
MinimumVisualStudioVersion = 10.0.40219.1
Project("{8BC9CEB8-8B4A-11D0-8D11-00A0C91BC942}") = "producer_consumer_pattern", "producer_consumer_pattern.vcxproj", "{536A48F3-0C77-4538-A500-406EABB13647}"
EndProject
Global
	GlobalSection(SolutionConfigurationPlatforms) = preSolution
		Debug|x64 = Debug|x64
		Debug|x86 = Debug|x86
		Release|x64 = Release|x64
		Release|x86 = Release|x86
	EndGlobalSection
	GlobalSection(ProjectConfigurationPlatforms) = postSolution
		{536A48F3-0C77-4538-A500-406EABB13647}.Debug|x64.ActiveCfg = Debug|x64
		{536A48F3-0C77-4538-A500-406EABB13647}.Debug|x64.Build.0 = Debug|x64
		{536A48F3-0C77-4538-A500-406EABB13647}.Debug|x86.ActiveCfg = Debug|Win32
		{536A48F3-0C77-4538-A500-406EABB13647}.Debug|x86.Build.0 = Debug|Win32
		{536A48F3-0C77-4538-A500-406EABB13647}.Release|x64.ActiveCfg = Release|x64
		{536A48F3-0C77-4538-A500-406EABB13647}.Release|x64.Build.0 = Release|x64
		{536A48F3-0C77-4538-A500-406EABB13647}.Release|x86.ActiveCfg = Release|Win32
		{536A48F3-0C77-4538-A500-406EABB13647}.Release|x86.Build.0 = Release|Win32
	EndGlobalSection
	GlobalSection(SolutionProperties) = preSolution
		HideSolutionNode = FALSE
	EndGlobalSection
	GlobalSection(ExtensibilityGlobals) = postSolution
		SolutionGuid = {7C5902D9-FDC3-4A45-8592-07E1CD9E4624}
	EndGlobalSection
EndGlobal
