
Microsoft Visual Studio Solution File, Format Version 12.00
# Visual Studio Version 17
VisualStudioVersion = 17.8.34408.163
MinimumVisualStudioVersion = 10.0.40219.1
Project("{8BC9CEB8-8B4A-11D0-8D11-00A0C91BC942}") = "ecmascript_grammar", "ecmascript_grammar.vcxproj", "{AA0B0D63-2AA1-4CE5-A8BB-6DE28B7B12FE}"
EndProject
Global
	GlobalSection(SolutionConfigurationPlatforms) = preSolution
		Debug|x64 = Debug|x64
		Debug|x86 = Debug|x86
		Release|x64 = Release|x64
		Release|x86 = Release|x86
	EndGlobalSection
	GlobalSection(ProjectConfigurationPlatforms) = postSolution
		{AA0B0D63-2AA1-4CE5-A8BB-6DE28B7B12FE}.Debug|x64.ActiveCfg = Debug|x64
		{AA0B0D63-2AA1-4CE5-A8BB-6DE28B7B12FE}.Debug|x64.Build.0 = Debug|x64
		{AA0B0D63-2AA1-4CE5-A8BB-6DE28B7B12FE}.Debug|x86.ActiveCfg = Debug|Win32
		{AA0B0D63-2AA1-4CE5-A8BB-6DE28B7B12FE}.Debug|x86.Build.0 = Debug|Win32
		{AA0B0D63-2AA1-4CE5-A8BB-6DE28B7B12FE}.Release|x64.ActiveCfg = Release|x64
		{AA0B0D63-2AA1-4CE5-A8BB-6DE28B7B12FE}.Release|x64.Build.0 = Release|x64
		{AA0B0D63-2AA1-4CE5-A8BB-6DE28B7B12FE}.Release|x86.ActiveCfg = Release|Win32
		{AA0B0D63-2AA1-4CE5-A8BB-6DE28B7B12FE}.Release|x86.Build.0 = Release|Win32
	EndGlobalSection
	GlobalSection(SolutionProperties) = preSolution
		HideSolutionNode = FALSE
	EndGlobalSection
	GlobalSection(ExtensibilityGlobals) = postSolution
		SolutionGuid = {31720421-B343-4498-AFFE-E957B9C4E4F6}
	EndGlobalSection
EndGlobal
