
Microsoft Visual Studio Solution File, Format Version 12.00
# Visual Studio Version 17
VisualStudioVersion = 17.8.34322.80
MinimumVisualStudioVersion = 10.0.40219.1
Project("{8BC9CEB8-8B4A-11D0-8D11-00A0C91BC942}") = "priority_queue_101", "priority_queue_101.vcxproj", "{C724885F-7279-4501-8335-3BDA1BF88633}"
EndProject
Global
	GlobalSection(SolutionConfigurationPlatforms) = preSolution
		Debug|x64 = Debug|x64
		Debug|x86 = Debug|x86
		Release|x64 = Release|x64
		Release|x86 = Release|x86
	EndGlobalSection
	GlobalSection(ProjectConfigurationPlatforms) = postSolution
		{C724885F-7279-4501-8335-3BDA1BF88633}.Debug|x64.ActiveCfg = Debug|x64
		{C724885F-7279-4501-8335-3BDA1BF88633}.Debug|x64.Build.0 = Debug|x64
		{C724885F-7279-4501-8335-3BDA1BF88633}.Debug|x86.ActiveCfg = Debug|Win32
		{C724885F-7279-4501-8335-3BDA1BF88633}.Debug|x86.Build.0 = Debug|Win32
		{C724885F-7279-4501-8335-3BDA1BF88633}.Release|x64.ActiveCfg = Release|x64
		{C724885F-7279-4501-8335-3BDA1BF88633}.Release|x64.Build.0 = Release|x64
		{C724885F-7279-4501-8335-3BDA1BF88633}.Release|x86.ActiveCfg = Release|Win32
		{C724885F-7279-4501-8335-3BDA1BF88633}.Release|x86.Build.0 = Release|Win32
	EndGlobalSection
	GlobalSection(SolutionProperties) = preSolution
		HideSolutionNode = FALSE
	EndGlobalSection
	GlobalSection(ExtensibilityGlobals) = postSolution
		SolutionGuid = {3C7113BA-8BA9-441F-8774-B91F3CA27C0F}
	EndGlobalSection
EndGlobal
