
Microsoft Visual Studio Solution File, Format Version 12.00
# Visual Studio Version 17
VisualStudioVersion = 17.8.34408.163
MinimumVisualStudioVersion = 10.0.40219.1
Project("{8BC9CEB8-8B4A-11D0-8D11-00A0C91BC942}") = "reengineering_factory_patterns", "reengineering_factory_patterns.vcxproj", "{6646B997-1E3E-4106-8DB6-31F500364533}"
EndProject
Global
	GlobalSection(SolutionConfigurationPlatforms) = preSolution
		Debug|x64 = Debug|x64
		Debug|x86 = Debug|x86
		Release|x64 = Release|x64
		Release|x86 = Release|x86
	EndGlobalSection
	GlobalSection(ProjectConfigurationPlatforms) = postSolution
		{6646B997-1E3E-4106-8DB6-31F500364533}.Debug|x64.ActiveCfg = Debug|x64
		{6646B997-1E3E-4106-8DB6-31F500364533}.Debug|x64.Build.0 = Debug|x64
		{6646B997-1E3E-4106-8DB6-31F500364533}.Debug|x86.ActiveCfg = Debug|Win32
		{6646B997-1E3E-4106-8DB6-31F500364533}.Debug|x86.Build.0 = Debug|Win32
		{6646B997-1E3E-4106-8DB6-31F500364533}.Release|x64.ActiveCfg = Release|x64
		{6646B997-1E3E-4106-8DB6-31F500364533}.Release|x64.Build.0 = Release|x64
		{6646B997-1E3E-4106-8DB6-31F500364533}.Release|x86.ActiveCfg = Release|Win32
		{6646B997-1E3E-4106-8DB6-31F500364533}.Release|x86.Build.0 = Release|Win32
	EndGlobalSection
	GlobalSection(SolutionProperties) = preSolution
		HideSolutionNode = FALSE
	EndGlobalSection
	GlobalSection(ExtensibilityGlobals) = postSolution
		SolutionGuid = {52413C13-F741-46C9-B0A1-03B9FC0D35DE}
	EndGlobalSection
EndGlobal
