
Microsoft Visual Studio Solution File, Format Version 12.00
# Visual Studio Version 17
VisualStudioVersion = 17.8.34408.163
MinimumVisualStudioVersion = 10.0.40219.1
Project("{8BC9CEB8-8B4A-11D0-8D11-00A0C91BC942}") = "vector_and_matrix_expressions", "vector_and_matrix_expressions.vcxproj", "{962C4F72-A7F2-4929-90B6-51EFBB83DD14}"
EndProject
Global
	GlobalSection(SolutionConfigurationPlatforms) = preSolution
		Debug|x64 = Debug|x64
		Debug|x86 = Debug|x86
		Release|x64 = Release|x64
		Release|x86 = Release|x86
	EndGlobalSection
	GlobalSection(ProjectConfigurationPlatforms) = postSolution
		{962C4F72-A7F2-4929-90B6-51EFBB83DD14}.Debug|x64.ActiveCfg = Debug|x64
		{962C4F72-A7F2-4929-90B6-51EFBB83DD14}.Debug|x64.Build.0 = Debug|x64
		{962C4F72-A7F2-4929-90B6-51EFBB83DD14}.Debug|x86.ActiveCfg = Debug|Win32
		{962C4F72-A7F2-4929-90B6-51EFBB83DD14}.Debug|x86.Build.0 = Debug|Win32
		{962C4F72-A7F2-4929-90B6-51EFBB83DD14}.Release|x64.ActiveCfg = Release|x64
		{962C4F72-A7F2-4929-90B6-51EFBB83DD14}.Release|x64.Build.0 = Release|x64
		{962C4F72-A7F2-4929-90B6-51EFBB83DD14}.Release|x86.ActiveCfg = Release|Win32
		{962C4F72-A7F2-4929-90B6-51EFBB83DD14}.Release|x86.Build.0 = Release|Win32
	EndGlobalSection
	GlobalSection(SolutionProperties) = preSolution
		HideSolutionNode = FALSE
	EndGlobalSection
	GlobalSection(ExtensibilityGlobals) = postSolution
		SolutionGuid = {313CB37E-70B8-4F31-AD66-AB84057C6236}
	EndGlobalSection
EndGlobal
