
Microsoft Visual Studio Solution File, Format Version 12.00
# Visual Studio Version 17
VisualStudioVersion = 17.8.34322.80
MinimumVisualStudioVersion = 10.0.40219.1
Project("{8BC9CEB8-8B4A-11D0-8D11-00A0C91BC942}") = "command_processor_pattern", "command_processor_pattern.vcxproj", "{302388E0-E3DB-4287-BDBF-0D686EFEC9DA}"
EndProject
Global
	GlobalSection(SolutionConfigurationPlatforms) = preSolution
		Debug|x64 = Debug|x64
		Debug|x86 = Debug|x86
		Release|x64 = Release|x64
		Release|x86 = Release|x86
	EndGlobalSection
	GlobalSection(ProjectConfigurationPlatforms) = postSolution
		{302388E0-E3DB-4287-BDBF-0D686EFEC9DA}.Debug|x64.ActiveCfg = Debug|x64
		{302388E0-E3DB-4287-BDBF-0D686EFEC9DA}.Debug|x64.Build.0 = Debug|x64
		{302388E0-E3DB-4287-BDBF-0D686EFEC9DA}.Debug|x86.ActiveCfg = Debug|Win32
		{302388E0-E3DB-4287-BDBF-0D686EFEC9DA}.Debug|x86.Build.0 = Debug|Win32
		{302388E0-E3DB-4287-BDBF-0D686EFEC9DA}.Release|x64.ActiveCfg = Release|x64
		{302388E0-E3DB-4287-BDBF-0D686EFEC9DA}.Release|x64.Build.0 = Release|x64
		{302388E0-E3DB-4287-BDBF-0D686EFEC9DA}.Release|x86.ActiveCfg = Release|Win32
		{302388E0-E3DB-4287-BDBF-0D686EFEC9DA}.Release|x86.Build.0 = Release|Win32
	EndGlobalSection
	GlobalSection(SolutionProperties) = preSolution
		HideSolutionNode = FALSE
	EndGlobalSection
	GlobalSection(ExtensibilityGlobals) = postSolution
		SolutionGuid = {222D583C-0D92-4E68-A17E-4C85C1906352}
	EndGlobalSection
EndGlobal
